
Microsoft Visual Studio Solution File, Format Version 12.00
# Visual Studio Version 17
VisualStudioVersion = 17.4.33103.184
MinimumVisualStudioVersion = 10.0.40219.1
Project("{9A19103F-16F7-4668-BE54-9A1E7A4F7556}") = "Practical2", "Practical2.csproj", "{307DA41F-C9CF-4C28-957F-2B9983CD89DF}"
EndProject
Project("{FAE04EC0-301F-11D3-BF4B-00C04F79EFBC}") = "Practical3", "..\..\IntroTask\Practical3\Practical3.csproj", "{B8DFDA2F-4507-4CEF-95E7-53A60362397E}"
EndProject
Global
	GlobalSection(SolutionConfigurationPlatforms) = preSolution
		Debug|Any CPU = Debug|Any CPU
		Release|Any CPU = Release|Any CPU
	EndGlobalSection
	GlobalSection(ProjectConfigurationPlatforms) = postSolution
		{307DA41F-C9CF-4C28-957F-2B9983CD89DF}.Debug|Any CPU.ActiveCfg = Debug|Any CPU
		{307DA41F-C9CF-4C28-957F-2B9983CD89DF}.Debug|Any CPU.Build.0 = Debug|Any CPU
		{307DA41F-C9CF-4C28-957F-2B9983CD89DF}.Release|Any CPU.ActiveCfg = Release|Any CPU
		{307DA41F-C9CF-4C28-957F-2B9983CD89DF}.Release|Any CPU.Build.0 = Release|Any CPU
		{B8DFDA2F-4507-4CEF-95E7-53A60362397E}.Debug|Any CPU.ActiveCfg = Debug|Any CPU
		{B8DFDA2F-4507-4CEF-95E7-53A60362397E}.Debug|Any CPU.Build.0 = Debug|Any CPU
		{B8DFDA2F-4507-4CEF-95E7-53A60362397E}.Release|Any CPU.ActiveCfg = Release|Any CPU
		{B8DFDA2F-4507-4CEF-95E7-53A60362397E}.Release|Any CPU.Build.0 = Release|Any CPU
	EndGlobalSection
	GlobalSection(SolutionProperties) = preSolution
		HideSolutionNode = FALSE
	EndGlobalSection
	GlobalSection(ExtensibilityGlobals) = postSolution
		SolutionGuid = {073E0C68-73F1-4B90-AD86-43EB4DF0CBD4}
	EndGlobalSection
EndGlobal
