
Microsoft Visual Studio Solution File, Format Version 12.00
# Visual Studio Version 17
VisualStudioVersion = 17.4.33103.184
MinimumVisualStudioVersion = 10.0.40219.1
Project("{FAE04EC0-301F-11D3-BF4B-00C04F79EFBC}") = "Practical1", "Practical1.csproj", "{17A52281-3AA7-43B9-9BD6-87CEDFE4E100}"
EndProject
Global
	GlobalSection(SolutionConfigurationPlatforms) = preSolution
		Debug|Any CPU = Debug|Any CPU
		Release|Any CPU = Release|Any CPU
	EndGlobalSection
	GlobalSection(ProjectConfigurationPlatforms) = postSolution
		{17A52281-3AA7-43B9-9BD6-87CEDFE4E100}.Debug|Any CPU.ActiveCfg = Debug|Any CPU
		{17A52281-3AA7-43B9-9BD6-87CEDFE4E100}.Debug|Any CPU.Build.0 = Debug|Any CPU
		{17A52281-3AA7-43B9-9BD6-87CEDFE4E100}.Release|Any CPU.ActiveCfg = Release|Any CPU
		{17A52281-3AA7-43B9-9BD6-87CEDFE4E100}.Release|Any CPU.Build.0 = Release|Any CPU
	EndGlobalSection
	GlobalSection(SolutionProperties) = preSolution
		HideSolutionNode = FALSE
	EndGlobalSection
	GlobalSection(ExtensibilityGlobals) = postSolution
		SolutionGuid = {E804EE1C-5637-4FAA-8BC3-5632C9356860}
	EndGlobalSection
EndGlobal
